
Microsoft Visual Studio Solution File, Format Version 12.00
Project("{2150E333-8FDC-42A3-9474-1A3956D46DE8}") = "Services", "Services", "{A4627EF6-4B2E-42D6-A9DE-E6B4DE077CC8}"
EndProject
Project("{2150E333-8FDC-42A3-9474-1A3956D46DE8}") = "Catalog", "Catalog", "{93A555EF-73A8-4F3D-950B-6D4911964877}"
EndProject
Project("{FAE04EC0-301F-11D3-BF4B-00C04F79EFBC}") = "Catalog.API", "Services\Catalog\Catalog.API\Catalog.API.csproj", "{A2658991-8EA9-4A49-875F-B8F2B3C4D595}"
EndProject
Project("{2150E333-8FDC-42A3-9474-1A3956D46DE8}") = "BuildingBlocks", "BuildingBlocks", "{669B3825-2C3C-4F84-A4F3-4DB890275DE1}"
EndProject
Project("{FAE04EC0-301F-11D3-BF4B-00C04F79EFBC}") = "BuildingBlocks", "BuildingBlocks\BuildingBlocks\BuildingBlocks.csproj", "{38B3F448-F9BC-4538-93CD-99CAD470CDB3}"
EndProject
Project("{2150E333-8FDC-42A3-9474-1A3956D46DE8}") = "Solution Items", "Solution Items", "{BD51C64A-C5E9-47AE-A86A-B01302DAE42F}"
	ProjectSection(SolutionItems) = preProject
		docker-compose.yml = docker-compose.yml
		docker-compose.override.yml = docker-compose.override.yml
	EndProjectSection
EndProject
Project("{2150E333-8FDC-42A3-9474-1A3956D46DE8}") = "Basket", "Basket", "{97343388-1E9E-4066-85EF-19F355D28C41}"
EndProject
Project("{FAE04EC0-301F-11D3-BF4B-00C04F79EFBC}") = "Basket.API", "Services\Basket\Basket.API\Basket.API.csproj", "{09C6CA23-9830-4FEC-AEB6-B7F6BEB7826D}"
EndProject
Project("{FAE04EC0-301F-11D3-BF4B-00C04F79EFBC}") = "Discount.Grpc", "Services\Discount\Discount.Grpc\Discount.Grpc.csproj", "{4C91BD76-5BC0-4E09-9CB4-E0E331E95F9D}"
EndProject
Global
	GlobalSection(SolutionConfigurationPlatforms) = preSolution
		Debug|Any CPU = Debug|Any CPU
		Release|Any CPU = Release|Any CPU
	EndGlobalSection
	GlobalSection(NestedProjects) = preSolution
		{93A555EF-73A8-4F3D-950B-6D4911964877} = {A4627EF6-4B2E-42D6-A9DE-E6B4DE077CC8}
		{A2658991-8EA9-4A49-875F-B8F2B3C4D595} = {93A555EF-73A8-4F3D-950B-6D4911964877}
		{38B3F448-F9BC-4538-93CD-99CAD470CDB3} = {669B3825-2C3C-4F84-A4F3-4DB890275DE1}
		{97343388-1E9E-4066-85EF-19F355D28C41} = {A4627EF6-4B2E-42D6-A9DE-E6B4DE077CC8}
		{09C6CA23-9830-4FEC-AEB6-B7F6BEB7826D} = {97343388-1E9E-4066-85EF-19F355D28C41}
		{4C91BD76-5BC0-4E09-9CB4-E0E331E95F9D} = {A4627EF6-4B2E-42D6-A9DE-E6B4DE077CC8}
	EndGlobalSection
	GlobalSection(ProjectConfigurationPlatforms) = postSolution
		{A2658991-8EA9-4A49-875F-B8F2B3C4D595}.Debug|Any CPU.ActiveCfg = Debug|Any CPU
		{A2658991-8EA9-4A49-875F-B8F2B3C4D595}.Debug|Any CPU.Build.0 = Debug|Any CPU
		{A2658991-8EA9-4A49-875F-B8F2B3C4D595}.Release|Any CPU.ActiveCfg = Release|Any CPU
		{A2658991-8EA9-4A49-875F-B8F2B3C4D595}.Release|Any CPU.Build.0 = Release|Any CPU
		{38B3F448-F9BC-4538-93CD-99CAD470CDB3}.Debug|Any CPU.ActiveCfg = Debug|Any CPU
		{38B3F448-F9BC-4538-93CD-99CAD470CDB3}.Debug|Any CPU.Build.0 = Debug|Any CPU
		{38B3F448-F9BC-4538-93CD-99CAD470CDB3}.Release|Any CPU.ActiveCfg = Release|Any CPU
		{38B3F448-F9BC-4538-93CD-99CAD470CDB3}.Release|Any CPU.Build.0 = Release|Any CPU
		{09C6CA23-9830-4FEC-AEB6-B7F6BEB7826D}.Debug|Any CPU.ActiveCfg = Debug|Any CPU
		{09C6CA23-9830-4FEC-AEB6-B7F6BEB7826D}.Debug|Any CPU.Build.0 = Debug|Any CPU
		{09C6CA23-9830-4FEC-AEB6-B7F6BEB7826D}.Release|Any CPU.ActiveCfg = Release|Any CPU
		{09C6CA23-9830-4FEC-AEB6-B7F6BEB7826D}.Release|Any CPU.Build.0 = Release|Any CPU
		{4C91BD76-5BC0-4E09-9CB4-E0E331E95F9D}.Debug|Any CPU.ActiveCfg = Debug|Any CPU
		{4C91BD76-5BC0-4E09-9CB4-E0E331E95F9D}.Debug|Any CPU.Build.0 = Debug|Any CPU
		{4C91BD76-5BC0-4E09-9CB4-E0E331E95F9D}.Release|Any CPU.ActiveCfg = Release|Any CPU
		{4C91BD76-5BC0-4E09-9CB4-E0E331E95F9D}.Release|Any CPU.Build.0 = Release|Any CPU
	EndGlobalSection
EndGlobal
